
Microsoft Visual Studio Solution File, Format Version 12.00
# Visual Studio Version 16
VisualStudioVersion = 16.0.30907.101
MinimumVisualStudioVersion = 10.0.40219.1
Project("{2150E333-8FDC-42A3-9474-1A3956D46DE8}") = "Server", "Server", "{8065867B-8E15-4595-975C-F23E2CC3DF49}"
EndProject
Project("{2150E333-8FDC-42A3-9474-1A3956D46DE8}") = "Client", "Client", "{2B0BA415-4940-4AC1-96CC-5552CF9CC1E9}"
EndProject
Project("{8BC9CEB8-8B4A-11D0-8D11-00A0C91BC942}") = "Database", "src\Database\Database.vcxproj", "{D7298C78-F880-415B-999B-173053783D50}"
EndProject
Project("{8BC9CEB8-8B4A-11D0-8D11-00A0C91BC942}") = "GameServer", "src\GameServer\GameServer.vcxproj", "{BA845C41-EE71-46EC-90AC-8A452AA91DA0}"
EndProject
Project("{2150E333-8FDC-42A3-9474-1A3956D46DE8}") = "Tools", "Tools", "{6795BA7A-89D4-460E-8EEA-35F54377CBF1}"
EndProject
Project("{FAE04EC0-301F-11D3-BF4B-00C04F79EFBC}") = "CalcAddress", "src\Tools\CalcAddress\CalcAddress.csproj", "{BD7430C4-9DB6-4FBC-9504-E70F3816C71D}"
EndProject
Project("{8BC9CEB8-8B4A-11D0-8D11-00A0C91BC942}") = "AccGenerate", "src\Tools\AccGenerate\AccGenerate.vcxproj", "{12FDABCA-AE1F-41D9-8610-E81DAD10309D}"
EndProject
Project("{8BC9CEB8-8B4A-11D0-8D11-00A0C91BC942}") = "ClientPatch", "src\ClientPatch\ClientPatch.vcxproj", "{12C94553-45E2-40CC-B8D0-A7D9D5D08DAD}"
EndProject
Global
	GlobalSection(SolutionConfigurationPlatforms) = preSolution
		Debug_Prod|Any CPU = Debug_Prod|Any CPU
		Debug_Prod|x64 = Debug_Prod|x64
		Debug_Prod|x86 = Debug_Prod|x86
		Debug|Any CPU = Debug|Any CPU
		Debug|x64 = Debug|x64
		Debug|x86 = Debug|x86
		Release|Any CPU = Release|Any CPU
		Release|x64 = Release|x64
		Release|x86 = Release|x86
	EndGlobalSection
	GlobalSection(ProjectConfigurationPlatforms) = postSolution
		{D7298C78-F880-415B-999B-173053783D50}.Debug_Prod|Any CPU.ActiveCfg = Release|x64
		{D7298C78-F880-415B-999B-173053783D50}.Debug_Prod|Any CPU.Build.0 = Release|x64
		{D7298C78-F880-415B-999B-173053783D50}.Debug_Prod|x64.ActiveCfg = Debug|x64
		{D7298C78-F880-415B-999B-173053783D50}.Debug_Prod|x64.Build.0 = Debug|x64
		{D7298C78-F880-415B-999B-173053783D50}.Debug_Prod|x86.ActiveCfg = Debug|Win32
		{D7298C78-F880-415B-999B-173053783D50}.Debug_Prod|x86.Build.0 = Debug|Win32
		{D7298C78-F880-415B-999B-173053783D50}.Debug|Any CPU.ActiveCfg = Debug|Win32
		{D7298C78-F880-415B-999B-173053783D50}.Debug|x64.ActiveCfg = Debug|x64
		{D7298C78-F880-415B-999B-173053783D50}.Debug|x64.Build.0 = Debug|x64
		{D7298C78-F880-415B-999B-173053783D50}.Debug|x86.ActiveCfg = Debug|Win32
		{D7298C78-F880-415B-999B-173053783D50}.Debug|x86.Build.0 = Debug|Win32
		{D7298C78-F880-415B-999B-173053783D50}.Release|Any CPU.ActiveCfg = Release|Win32
		{D7298C78-F880-415B-999B-173053783D50}.Release|x64.ActiveCfg = Release|x64
		{D7298C78-F880-415B-999B-173053783D50}.Release|x64.Build.0 = Release|x64
		{D7298C78-F880-415B-999B-173053783D50}.Release|x86.ActiveCfg = Release|Win32
		{D7298C78-F880-415B-999B-173053783D50}.Release|x86.Build.0 = Release|Win32
		{BA845C41-EE71-46EC-90AC-8A452AA91DA0}.Debug_Prod|Any CPU.ActiveCfg = Release|x64
		{BA845C41-EE71-46EC-90AC-8A452AA91DA0}.Debug_Prod|Any CPU.Build.0 = Release|x64
		{BA845C41-EE71-46EC-90AC-8A452AA91DA0}.Debug_Prod|x64.ActiveCfg = Debug|x64
		{BA845C41-EE71-46EC-90AC-8A452AA91DA0}.Debug_Prod|x64.Build.0 = Debug|x64
		{BA845C41-EE71-46EC-90AC-8A452AA91DA0}.Debug_Prod|x86.ActiveCfg = Debug|Win32
		{BA845C41-EE71-46EC-90AC-8A452AA91DA0}.Debug_Prod|x86.Build.0 = Debug|Win32
		{BA845C41-EE71-46EC-90AC-8A452AA91DA0}.Debug|Any CPU.ActiveCfg = Debug|Win32
		{BA845C41-EE71-46EC-90AC-8A452AA91DA0}.Debug|x64.ActiveCfg = Debug|x64
		{BA845C41-EE71-46EC-90AC-8A452AA91DA0}.Debug|x64.Build.0 = Debug|x64
		{BA845C41-EE71-46EC-90AC-8A452AA91DA0}.Debug|x86.ActiveCfg = Debug|Win32
		{BA845C41-EE71-46EC-90AC-8A452AA91DA0}.Debug|x86.Build.0 = Debug|Win32
		{BA845C41-EE71-46EC-90AC-8A452AA91DA0}.Release|Any CPU.ActiveCfg = Release|Win32
		{BA845C41-EE71-46EC-90AC-8A452AA91DA0}.Release|x64.ActiveCfg = Release|x64
		{BA845C41-EE71-46EC-90AC-8A452AA91DA0}.Release|x64.Build.0 = Release|x64
		{BA845C41-EE71-46EC-90AC-8A452AA91DA0}.Release|x86.ActiveCfg = Release|Win32
		{BA845C41-EE71-46EC-90AC-8A452AA91DA0}.Release|x86.Build.0 = Release|Win32
		{BD7430C4-9DB6-4FBC-9504-E70F3816C71D}.Debug_Prod|Any CPU.ActiveCfg = Debug|Any CPU
		{BD7430C4-9DB6-4FBC-9504-E70F3816C71D}.Debug_Prod|Any CPU.Build.0 = Debug|Any CPU
		{BD7430C4-9DB6-4FBC-9504-E70F3816C71D}.Debug_Prod|x64.ActiveCfg = Debug|Any CPU
		{BD7430C4-9DB6-4FBC-9504-E70F3816C71D}.Debug_Prod|x64.Build.0 = Debug|Any CPU
		{BD7430C4-9DB6-4FBC-9504-E70F3816C71D}.Debug_Prod|x86.ActiveCfg = Debug|Any CPU
		{BD7430C4-9DB6-4FBC-9504-E70F3816C71D}.Debug_Prod|x86.Build.0 = Debug|Any CPU
		{BD7430C4-9DB6-4FBC-9504-E70F3816C71D}.Debug|Any CPU.ActiveCfg = Debug|Any CPU
		{BD7430C4-9DB6-4FBC-9504-E70F3816C71D}.Debug|Any CPU.Build.0 = Debug|Any CPU
		{BD7430C4-9DB6-4FBC-9504-E70F3816C71D}.Debug|x64.ActiveCfg = Debug|Any CPU
		{BD7430C4-9DB6-4FBC-9504-E70F3816C71D}.Debug|x64.Build.0 = Debug|Any CPU
		{BD7430C4-9DB6-4FBC-9504-E70F3816C71D}.Debug|x86.ActiveCfg = Debug|Any CPU
		{BD7430C4-9DB6-4FBC-9504-E70F3816C71D}.Debug|x86.Build.0 = Debug|Any CPU
		{BD7430C4-9DB6-4FBC-9504-E70F3816C71D}.Release|Any CPU.ActiveCfg = Release|Any CPU
		{BD7430C4-9DB6-4FBC-9504-E70F3816C71D}.Release|Any CPU.Build.0 = Release|Any CPU
		{BD7430C4-9DB6-4FBC-9504-E70F3816C71D}.Release|x64.ActiveCfg = Release|Any CPU
		{BD7430C4-9DB6-4FBC-9504-E70F3816C71D}.Release|x64.Build.0 = Release|Any CPU
		{BD7430C4-9DB6-4FBC-9504-E70F3816C71D}.Release|x86.ActiveCfg = Release|Any CPU
		{BD7430C4-9DB6-4FBC-9504-E70F3816C71D}.Release|x86.Build.0 = Release|Any CPU
		{12FDABCA-AE1F-41D9-8610-E81DAD10309D}.Debug_Prod|Any CPU.ActiveCfg = Release|x64
		{12FDABCA-AE1F-41D9-8610-E81DAD10309D}.Debug_Prod|Any CPU.Build.0 = Release|x64
		{12FDABCA-AE1F-41D9-8610-E81DAD10309D}.Debug_Prod|x64.ActiveCfg = Debug|x64
		{12FDABCA-AE1F-41D9-8610-E81DAD10309D}.Debug_Prod|x64.Build.0 = Debug|x64
		{12FDABCA-AE1F-41D9-8610-E81DAD10309D}.Debug_Prod|x86.ActiveCfg = Debug|Win32
		{12FDABCA-AE1F-41D9-8610-E81DAD10309D}.Debug_Prod|x86.Build.0 = Debug|Win32
		{12FDABCA-AE1F-41D9-8610-E81DAD10309D}.Debug|Any CPU.ActiveCfg = Debug|Win32
		{12FDABCA-AE1F-41D9-8610-E81DAD10309D}.Debug|x64.ActiveCfg = Debug|x64
		{12FDABCA-AE1F-41D9-8610-E81DAD10309D}.Debug|x64.Build.0 = Debug|x64
		{12FDABCA-AE1F-41D9-8610-E81DAD10309D}.Debug|x86.ActiveCfg = Debug|Win32
		{12FDABCA-AE1F-41D9-8610-E81DAD10309D}.Debug|x86.Build.0 = Debug|Win32
		{12FDABCA-AE1F-41D9-8610-E81DAD10309D}.Release|Any CPU.ActiveCfg = Release|Win32
		{12FDABCA-AE1F-41D9-8610-E81DAD10309D}.Release|x64.ActiveCfg = Release|x64
		{12FDABCA-AE1F-41D9-8610-E81DAD10309D}.Release|x64.Build.0 = Release|x64
		{12FDABCA-AE1F-41D9-8610-E81DAD10309D}.Release|x86.ActiveCfg = Release|Win32
		{12FDABCA-AE1F-41D9-8610-E81DAD10309D}.Release|x86.Build.0 = Release|Win32
		{12C94553-45E2-40CC-B8D0-A7D9D5D08DAD}.Debug_Prod|Any CPU.ActiveCfg = Debug|Win32
		{12C94553-45E2-40CC-B8D0-A7D9D5D08DAD}.Debug_Prod|Any CPU.Build.0 = Debug|Win32
		{12C94553-45E2-40CC-B8D0-A7D9D5D08DAD}.Debug_Prod|x64.ActiveCfg = Debug|x64
		{12C94553-45E2-40CC-B8D0-A7D9D5D08DAD}.Debug_Prod|x64.Build.0 = Debug|x64
		{12C94553-45E2-40CC-B8D0-A7D9D5D08DAD}.Debug_Prod|x86.ActiveCfg = Debug|Win32
		{12C94553-45E2-40CC-B8D0-A7D9D5D08DAD}.Debug_Prod|x86.Build.0 = Debug|Win32
		{12C94553-45E2-40CC-B8D0-A7D9D5D08DAD}.Debug|Any CPU.ActiveCfg = Debug|Win32
		{12C94553-45E2-40CC-B8D0-A7D9D5D08DAD}.Debug|x64.ActiveCfg = Debug|x64
		{12C94553-45E2-40CC-B8D0-A7D9D5D08DAD}.Debug|x64.Build.0 = Debug|x64
		{12C94553-45E2-40CC-B8D0-A7D9D5D08DAD}.Debug|x86.ActiveCfg = Debug|Win32
		{12C94553-45E2-40CC-B8D0-A7D9D5D08DAD}.Debug|x86.Build.0 = Debug|Win32
		{12C94553-45E2-40CC-B8D0-A7D9D5D08DAD}.Release|Any CPU.ActiveCfg = Release|Win32
		{12C94553-45E2-40CC-B8D0-A7D9D5D08DAD}.Release|x64.ActiveCfg = Release|x64
		{12C94553-45E2-40CC-B8D0-A7D9D5D08DAD}.Release|x64.Build.0 = Release|x64
		{12C94553-45E2-40CC-B8D0-A7D9D5D08DAD}.Release|x86.ActiveCfg = Release|Win32
		{12C94553-45E2-40CC-B8D0-A7D9D5D08DAD}.Release|x86.Build.0 = Release|Win32
	EndGlobalSection
	GlobalSection(SolutionProperties) = preSolution
		HideSolutionNode = FALSE
	EndGlobalSection
	GlobalSection(NestedProjects) = preSolution
		{D7298C78-F880-415B-999B-173053783D50} = {8065867B-8E15-4595-975C-F23E2CC3DF49}
		{BA845C41-EE71-46EC-90AC-8A452AA91DA0} = {8065867B-8E15-4595-975C-F23E2CC3DF49}
		{BD7430C4-9DB6-4FBC-9504-E70F3816C71D} = {6795BA7A-89D4-460E-8EEA-35F54377CBF1}
		{12FDABCA-AE1F-41D9-8610-E81DAD10309D} = {6795BA7A-89D4-460E-8EEA-35F54377CBF1}
		{12C94553-45E2-40CC-B8D0-A7D9D5D08DAD} = {2B0BA415-4940-4AC1-96CC-5552CF9CC1E9}
	EndGlobalSection
	GlobalSection(ExtensibilityGlobals) = postSolution
		SolutionGuid = {4243B0FA-16B2-45B4-8E84-6F5AD5653BDD}
	EndGlobalSection
EndGlobal
