<?xml version="1.0" encoding="utf-8"?>
<Project ToolsVersion="4.0" xmlns="http://schemas.microsoft.com/developer/msbuild/2003">
  <ItemGroup>
    <Filter Include="Arquivos de Cabeçalho">
      <UniqueIdentifier>{93995380-89BD-4b04-88EB-625FBE52EBFB}</UniqueIdentifier>
      <Extensions>h;hh;hpp;hxx;h++;hm;inl;inc;ipp;xsd</Extensions>
    </Filter>
    <Filter Include="Manager">
      <UniqueIdentifier>{4FC737F1-C7A5-4376-A066-2A32D752A2FF}</UniqueIdentifier>
      <Extensions>cpp;c;cc;cxx;c++;cppm;ixx;def;odl;idl;hpj;bat;asm;asmx</Extensions>
    </Filter>
    <Filter Include="Manager\Core">
      <UniqueIdentifier>{e6f96d33-c853-4485-af7f-693f411cdbaa}</UniqueIdentifier>
    </Filter>
    <Filter Include="Manager\Core\CMain">
      <UniqueIdentifier>{446fd4b0-878f-4b97-8dc2-e434f9dfdb66}</UniqueIdentifier>
    </Filter>
    <Filter Include="Manager\Core\HookMgr">
      <UniqueIdentifier>{7f1522e2-36b3-45e0-9c0a-f8a43ffd83ca}</UniqueIdentifier>
    </Filter>
    <Filter Include="ILua">
      <UniqueIdentifier>{921bea70-9a43-4d19-87f3-0216376d9272}</UniqueIdentifier>
    </Filter>
    <Filter Include="Manager\LuaVolatile">
      <UniqueIdentifier>{bf08ca46-07d4-47cd-8d3c-111997f21c85}</UniqueIdentifier>
    </Filter>
  </ItemGroup>
  <ItemGroup>
    <ClInclude Include="framework.h">
      <Filter>Arquivos de Cabeçalho</Filter>
    </ClInclude>
    <ClInclude Include="pch.h">
      <Filter>Arquivos de Cabeçalho</Filter>
    </ClInclude>
    <ClInclude Include="CHook.h">
      <Filter>Manager\Core\HookMgr</Filter>
    </ClInclude>
    <ClInclude Include="CMain.h">
      <Filter>Manager\Core\CMain</Filter>
    </ClInclude>
    <ClInclude Include="ILua.h">
      <Filter>ILua</Filter>
    </ClInclude>
    <ClInclude Include="LuaVolatile.h">
      <Filter>Manager\LuaVolatile</Filter>
    </ClInclude>
    <ClInclude Include="Native.h">
      <Filter>Arquivos de Cabeçalho</Filter>
    </ClInclude>
    <ClInclude Include="CMob.h">
      <Filter>Arquivos de Cabeçalho</Filter>
    </ClInclude>
    <ClInclude Include="CUser.h">
      <Filter>Arquivos de Cabeçalho</Filter>
    </ClInclude>
  </ItemGroup>
  <ItemGroup>
    <ClCompile Include="CHook.cpp">
      <Filter>Manager\Core\HookMgr</Filter>
    </ClCompile>
    <ClCompile Include="CMain.cpp">
      <Filter>Manager\Core\CMain</Filter>
    </ClCompile>
    <ClCompile Include="StartupConstants.cpp">
      <Filter>Manager\Core\HookMgr</Filter>
    </ClCompile>
    <ClCompile Include="NakedHooks.cpp">
      <Filter>Manager\Core\HookMgr</Filter>
    </ClCompile>
    <ClCompile Include="dllmain.cpp" />
    <ClCompile Include="pch.cpp" />
    <ClCompile Include="LuaVolatile.cpp">
      <Filter>Manager\LuaVolatile</Filter>
    </ClCompile>
  </ItemGroup>
</Project>