<?xml version="1.0" encoding="utf-8"?>
<Project ToolsVersion="4.0" xmlns="http://schemas.microsoft.com/developer/msbuild/2003">
  <ItemGroup>
    <Filter Include="Arquivos de Cabeçalho">
      <UniqueIdentifier>{93995380-89BD-4b04-88EB-625FBE52EBFB}</UniqueIdentifier>
      <Extensions>h;hh;hpp;hxx;h++;hm;inl;inc;ipp;xsd</Extensions>
    </Filter>
    <Filter Include="Manager">
      <UniqueIdentifier>{4FC737F1-C7A5-4376-A066-2A32D752A2FF}</UniqueIdentifier>
      <Extensions>cpp;c;cc;cxx;c++;cppm;ixx;def;odl;idl;hpj;bat;asm;asmx</Extensions>
    </Filter>
    <Filter Include="Manager\Core">
      <UniqueIdentifier>{e6f96d33-c853-4485-af7f-693f411cdbaa}</UniqueIdentifier>
    </Filter>
    <Filter Include="Manager\Core\CMain">
      <UniqueIdentifier>{446fd4b0-878f-4b97-8dc2-e434f9dfdb66}</UniqueIdentifier>
    </Filter>
    <Filter Include="Manager\Core\HookMgr">
      <UniqueIdentifier>{7f1522e2-36b3-45e0-9c0a-f8a43ffd83ca}</UniqueIdentifier>
    </Filter>
    <Filter Include="Manager\Core\HookMgr\Constants">
      <UniqueIdentifier>{9f03bca6-1cf4-445c-9f2f-df2fe368030d}</UniqueIdentifier>
    </Filter>
    <Filter Include="Manager\Core\HookMgr\Naked">
      <UniqueIdentifier>{6a72e275-2061-4de4-b41d-d159024720ba}</UniqueIdentifier>
    </Filter>
    <Filter Include="Manager\PacketController">
      <UniqueIdentifier>{cca16c75-aada-41ca-b062-b949b0de7356}</UniqueIdentifier>
    </Filter>
    <Filter Include="Manager\PacketController\ReceivedPackets">
      <UniqueIdentifier>{6482b354-136c-43dc-8214-958ffb00f9e6}</UniqueIdentifier>
    </Filter>
    <Filter Include="Manager\PacketController\SendedPackets">
      <UniqueIdentifier>{a09e0b44-0457-4412-bd75-8cedd6525360}</UniqueIdentifier>
    </Filter>
  </ItemGroup>
  <ItemGroup>
    <ClInclude Include="framework.h">
      <Filter>Arquivos de Cabeçalho</Filter>
    </ClInclude>
    <ClInclude Include="pch.h">
      <Filter>Arquivos de Cabeçalho</Filter>
    </ClInclude>
    <ClInclude Include="Native.h">
      <Filter>Arquivos de Cabeçalho</Filter>
    </ClInclude>
    <ClInclude Include="CUser.h">
      <Filter>Arquivos de Cabeçalho</Filter>
    </ClInclude>
    <ClInclude Include="HookStrings.h">
      <Filter>Arquivos de Cabeçalho</Filter>
    </ClInclude>
    <ClInclude Include="GlobalPointer.h">
      <Filter>Arquivos de Cabeçalho</Filter>
    </ClInclude>
    <ClInclude Include="CHook.h">
      <Filter>Arquivos de Cabeçalho</Filter>
    </ClInclude>
    <ClInclude Include="CMain.h">
      <Filter>Arquivos de Cabeçalho</Filter>
    </ClInclude>
    <ClInclude Include="DeactiveOriginals.h">
      <Filter>Arquivos de Cabeçalho</Filter>
    </ClInclude>
    <ClInclude Include="PacketController.h">
      <Filter>Arquivos de Cabeçalho</Filter>
    </ClInclude>
  </ItemGroup>
  <ItemGroup>
    <ClCompile Include="CHook.cpp">
      <Filter>Manager\Core\HookMgr</Filter>
    </ClCompile>
    <ClCompile Include="CMain.cpp">
      <Filter>Manager\Core\CMain</Filter>
    </ClCompile>
    <ClCompile Include="dllmain.cpp" />
    <ClCompile Include="pch.cpp" />
    <ClCompile Include="NakedHooks.cpp">
      <Filter>Manager\Core\HookMgr\Naked</Filter>
    </ClCompile>
    <ClCompile Include="StartupConstants.cpp">
      <Filter>Manager\Core\HookMgr\Constants</Filter>
    </ClCompile>
    <ClCompile Include="HookStrings.cpp">
      <Filter>Manager\Core\HookMgr\Constants</Filter>
    </ClCompile>
    <ClCompile Include="GlobalPointer.cpp">
      <Filter>Manager\Core\HookMgr\Constants</Filter>
    </ClCompile>
    <ClCompile Include="DeactiveOriginals.cpp">
      <Filter>Manager\Core\HookMgr\Constants</Filter>
    </ClCompile>
    <ClCompile Include="PacketController.cpp">
      <Filter>Manager\PacketController</Filter>
    </ClCompile>
    <ClCompile Include="SendedPackets.cpp">
      <Filter>Manager\PacketController\SendedPackets</Filter>
    </ClCompile>
    <ClCompile Include="ReceivedPackets.cpp">
      <Filter>Manager\PacketController\ReceivedPackets</Filter>
    </ClCompile>
  </ItemGroup>
</Project>