<?xml version="1.0" encoding="utf-8"?>
<Project ToolsVersion="4.0" xmlns="http://schemas.microsoft.com/developer/msbuild/2003">
  <ItemGroup>
    <Filter Include="Arquivos de Cabeçalho">
      <UniqueIdentifier>{93995380-89BD-4b04-88EB-625FBE52EBFB}</UniqueIdentifier>
      <Extensions>h;hh;hpp;hxx;h++;hm;inl;inc;ipp;xsd</Extensions>
    </Filter>
    <Filter Include="Manager">
      <UniqueIdentifier>{4FC737F1-C7A5-4376-A066-2A32D752A2FF}</UniqueIdentifier>
      <Extensions>cpp;c;cc;cxx;c++;cppm;ixx;def;odl;idl;hpj;bat;asm;asmx</Extensions>
    </Filter>
    <Filter Include="Manager\Core">
      <UniqueIdentifier>{e6f96d33-c853-4485-af7f-693f411cdbaa}</UniqueIdentifier>
    </Filter>
    <Filter Include="Manager\Core\CMain">
      <UniqueIdentifier>{446fd4b0-878f-4b97-8dc2-e434f9dfdb66}</UniqueIdentifier>
    </Filter>
    <Filter Include="Manager\Core\HookMgr">
      <UniqueIdentifier>{7f1522e2-36b3-45e0-9c0a-f8a43ffd83ca}</UniqueIdentifier>
    </Filter>
    <Filter Include="Manager\Core\HookMgr\Constants">
      <UniqueIdentifier>{9f03bca6-1cf4-445c-9f2f-df2fe368030d}</UniqueIdentifier>
    </Filter>
    <Filter Include="Manager\Core\HookMgr\Naked">
      <UniqueIdentifier>{6a72e275-2061-4de4-b41d-d159024720ba}</UniqueIdentifier>
    </Filter>
    <Filter Include="Manager\PacketController">
      <UniqueIdentifier>{cca16c75-aada-41ca-b062-b949b0de7356}</UniqueIdentifier>
    </Filter>
    <Filter Include="Manager\PacketController\ReceivedPackets">
      <UniqueIdentifier>{6482b354-136c-43dc-8214-958ffb00f9e6}</UniqueIdentifier>
    </Filter>
    <Filter Include="Manager\PacketController\SendedPackets">
      <UniqueIdentifier>{a09e0b44-0457-4412-bd75-8cedd6525360}</UniqueIdentifier>
    </Filter>
    <Filter Include="Manager\PacketController\ReceivedPackets\MSG_UseItem">
      <UniqueIdentifier>{7108601b-77b2-44e5-b194-d3081c238a78}</UniqueIdentifier>
    </Filter>
    <Filter Include="Manager\Core\LuaExport">
      <UniqueIdentifier>{290d348a-4ea8-4cdc-999a-5eedc7321eeb}</UniqueIdentifier>
    </Filter>
    <Filter Include="Manager\Core\LuaExport\LuaMob">
      <UniqueIdentifier>{1cbbe3ec-2568-4d13-9cd8-5a97fdc84fe9}</UniqueIdentifier>
    </Filter>
    <Filter Include="Manager\Core\LuaExport\LuaSend">
      <UniqueIdentifier>{725f6c0f-b64f-4c65-b315-ac7668703e24}</UniqueIdentifier>
    </Filter>
    <Filter Include="Manager\Core\LuaExport\LuaGet">
      <UniqueIdentifier>{af1bb5c8-e1f1-4fa1-8932-8baaee76455c}</UniqueIdentifier>
    </Filter>
    <Filter Include="Manager\Core\LuaExport\LuaUser">
      <UniqueIdentifier>{a21cbb44-c26c-4632-99ec-c87a61931f26}</UniqueIdentifier>
    </Filter>
    <Filter Include="Manager\Core\LuaExport\LuaExtra">
      <UniqueIdentifier>{736b86ef-3123-42a5-a108-2764ad72949c}</UniqueIdentifier>
    </Filter>
    <Filter Include="Manager\Core\LuaExport\LuaSet">
      <UniqueIdentifier>{e47e91ae-ce27-47fe-be9e-9df1c5fa1d94}</UniqueIdentifier>
    </Filter>
    <Filter Include="Manager\Core\LuaExport\LuaLog">
      <UniqueIdentifier>{e7c9cb33-9826-46b8-8806-30b17f19908a}</UniqueIdentifier>
    </Filter>
    <Filter Include="Manager\Core\LuaExport\LuaItem">
      <UniqueIdentifier>{5e69b086-0ba1-46a1-8465-b4e8e8af57ba}</UniqueIdentifier>
    </Filter>
    <Filter Include="Manager\Core\LuaExport\LuaItemList">
      <UniqueIdentifier>{924f6579-b6c9-4a32-807d-8c02dee4253e}</UniqueIdentifier>
    </Filter>
    <Filter Include="Manager\Core\Extra">
      <UniqueIdentifier>{2fb52ab2-6ba7-4011-954b-223ad76fbf50}</UniqueIdentifier>
    </Filter>
    <Filter Include="Manager\PacketController\ReceivedPackets\MSG_Attack">
      <UniqueIdentifier>{4a3dd7c6-2339-4d61-a21a-3b3383c68bd9}</UniqueIdentifier>
    </Filter>
    <Filter Include="Manager\PacketController\ReceivedPackets\MSG_Whisper">
      <UniqueIdentifier>{d83cde8a-4257-41c1-ad62-24a5df1b9abb}</UniqueIdentifier>
    </Filter>
    <Filter Include="Manager\PacketController\ReceivedPackets\MSG_Quest">
      <UniqueIdentifier>{1e2078b8-15ad-45b8-b63d-0ebe0cb5452e}</UniqueIdentifier>
    </Filter>
    <Filter Include="Manager\PacketController\ReceivedPackets\MSG_StoreBuy">
      <UniqueIdentifier>{6c757aee-8520-4ca9-b7dd-850e9a9b3582}</UniqueIdentifier>
    </Filter>
    <Filter Include="Manager\PacketController\ReceivedPackets\MSG_RequestSell">
      <UniqueIdentifier>{45fd6672-b018-482e-a10c-88d02bc58c66}</UniqueIdentifier>
    </Filter>
    <Filter Include="Manager\PacketController\ReceivedPackets\MSG_DeleteItem">
      <UniqueIdentifier>{6dc4e23b-5d84-463f-9271-b1f727f0e098}</UniqueIdentifier>
    </Filter>
    <Filter Include="Manager\MobKilled">
      <UniqueIdentifier>{96b387af-ae94-4e2b-8a21-791594e71f9d}</UniqueIdentifier>
    </Filter>
    <Filter Include="Manager\Core\HookMgr\Fix">
      <UniqueIdentifier>{3e8de455-0ca3-420b-8ac5-4af728a2d2f5}</UniqueIdentifier>
    </Filter>
    <Filter Include="Manager\Core\ExpController">
      <UniqueIdentifier>{69db0259-38f4-4732-830c-bbf1bafcf051}</UniqueIdentifier>
    </Filter>
    <Filter Include="Manager\Core\DropController">
      <UniqueIdentifier>{3de199ae-c032-491b-8575-7300e9f10164}</UniqueIdentifier>
    </Filter>
    <Filter Include="Manager\Core\Extra\CAccount">
      <UniqueIdentifier>{09a21474-deb1-4fab-8154-71cf0ae184bb}</UniqueIdentifier>
    </Filter>
  </ItemGroup>
  <ItemGroup>
    <ClInclude Include="framework.h">
      <Filter>Arquivos de Cabeçalho</Filter>
    </ClInclude>
    <ClInclude Include="pch.h">
      <Filter>Arquivos de Cabeçalho</Filter>
    </ClInclude>
    <ClInclude Include="Native.h">
      <Filter>Arquivos de Cabeçalho</Filter>
    </ClInclude>
    <ClInclude Include="CUser.h">
      <Filter>Arquivos de Cabeçalho</Filter>
    </ClInclude>
    <ClInclude Include="HookStrings.h">
      <Filter>Arquivos de Cabeçalho</Filter>
    </ClInclude>
    <ClInclude Include="GlobalPointer.h">
      <Filter>Arquivos de Cabeçalho</Filter>
    </ClInclude>
    <ClInclude Include="CHook.h">
      <Filter>Arquivos de Cabeçalho</Filter>
    </ClInclude>
    <ClInclude Include="CMain.h">
      <Filter>Arquivos de Cabeçalho</Filter>
    </ClInclude>
    <ClInclude Include="DeactiveOriginals.h">
      <Filter>Arquivos de Cabeçalho</Filter>
    </ClInclude>
    <ClInclude Include="PacketController.h">
      <Filter>Arquivos de Cabeçalho</Filter>
    </ClInclude>
    <ClInclude Include="CUseItem.h">
      <Filter>Arquivos de Cabeçalho</Filter>
    </ClInclude>
    <ClInclude Include="CLuaScripts.h">
      <Filter>Arquivos de Cabeçalho</Filter>
    </ClInclude>
    <ClInclude Include="LuaExport.h">
      <Filter>Arquivos de Cabeçalho</Filter>
    </ClInclude>
    <ClInclude Include="LuaMob.h">
      <Filter>Arquivos de Cabeçalho</Filter>
    </ClInclude>
    <ClInclude Include="LuaSend.h">
      <Filter>Arquivos de Cabeçalho</Filter>
    </ClInclude>
    <ClInclude Include="LuaGet.h">
      <Filter>Arquivos de Cabeçalho</Filter>
    </ClInclude>
    <ClInclude Include="LuaUser.h">
      <Filter>Arquivos de Cabeçalho</Filter>
    </ClInclude>
    <ClInclude Include="LuaExtra.h">
      <Filter>Arquivos de Cabeçalho</Filter>
    </ClInclude>
    <ClInclude Include="LuaSet.h">
      <Filter>Arquivos de Cabeçalho</Filter>
    </ClInclude>
    <ClInclude Include="LuaLog.h">
      <Filter>Arquivos de Cabeçalho</Filter>
    </ClInclude>
    <ClInclude Include="LuaItem.h">
      <Filter>Arquivos de Cabeçalho</Filter>
    </ClInclude>
    <ClInclude Include="LuaItemList.h">
      <Filter>Arquivos de Cabeçalho</Filter>
    </ClInclude>
    <ClInclude Include="CExtra.h">
      <Filter>Arquivos de Cabeçalho</Filter>
    </ClInclude>
    <ClInclude Include="CAttack.h">
      <Filter>Arquivos de Cabeçalho</Filter>
    </ClInclude>
    <ClInclude Include="CWhisper.h">
      <Filter>Arquivos de Cabeçalho</Filter>
    </ClInclude>
    <ClInclude Include="CQuest.h">
      <Filter>Arquivos de Cabeçalho</Filter>
    </ClInclude>
    <ClInclude Include="CStoreBuy.h">
      <Filter>Arquivos de Cabeçalho</Filter>
    </ClInclude>
    <ClInclude Include="CRequestSell.h">
      <Filter>Arquivos de Cabeçalho</Filter>
    </ClInclude>
    <ClInclude Include="CDeleteItem.h">
      <Filter>Arquivos de Cabeçalho</Filter>
    </ClInclude>
    <ClInclude Include="CMobKilled.h">
      <Filter>Arquivos de Cabeçalho</Filter>
    </ClInclude>
    <ClInclude Include="CFix.h">
      <Filter>Arquivos de Cabeçalho</Filter>
    </ClInclude>
    <ClInclude Include="CExpController.h">
      <Filter>Arquivos de Cabeçalho</Filter>
    </ClInclude>
    <ClInclude Include="CDropController.h">
      <Filter>Arquivos de Cabeçalho</Filter>
    </ClInclude>
    <ClInclude Include="CAccount.h">
      <Filter>Arquivos de Cabeçalho</Filter>
    </ClInclude>
  </ItemGroup>
  <ItemGroup>
    <ClCompile Include="CHook.cpp">
      <Filter>Manager\Core\HookMgr</Filter>
    </ClCompile>
    <ClCompile Include="CMain.cpp">
      <Filter>Manager\Core\CMain</Filter>
    </ClCompile>
    <ClCompile Include="dllmain.cpp" />
    <ClCompile Include="pch.cpp" />
    <ClCompile Include="NakedHooks.cpp">
      <Filter>Manager\Core\HookMgr\Naked</Filter>
    </ClCompile>
    <ClCompile Include="StartupConstants.cpp">
      <Filter>Manager\Core\HookMgr\Constants</Filter>
    </ClCompile>
    <ClCompile Include="HookStrings.cpp">
      <Filter>Manager\Core\HookMgr\Constants</Filter>
    </ClCompile>
    <ClCompile Include="GlobalPointer.cpp">
      <Filter>Manager\Core\HookMgr\Constants</Filter>
    </ClCompile>
    <ClCompile Include="DeactiveOriginals.cpp">
      <Filter>Manager\Core\HookMgr\Constants</Filter>
    </ClCompile>
    <ClCompile Include="SendedPackets.cpp">
      <Filter>Manager\PacketController\SendedPackets</Filter>
    </ClCompile>
    <ClCompile Include="ReceivedPackets.cpp">
      <Filter>Manager\PacketController\ReceivedPackets</Filter>
    </ClCompile>
    <ClCompile Include="CUseItem.cpp">
      <Filter>Manager\PacketController\ReceivedPackets\MSG_UseItem</Filter>
    </ClCompile>
    <ClCompile Include="MainLoad.cpp">
      <Filter>Manager\Core\CMain</Filter>
    </ClCompile>
    <ClCompile Include="LuaExport.cpp">
      <Filter>Manager\Core\LuaExport</Filter>
    </ClCompile>
    <ClCompile Include="LuaMob.cpp">
      <Filter>Manager\Core\LuaExport\LuaMob</Filter>
    </ClCompile>
    <ClCompile Include="LuaSend.cpp">
      <Filter>Manager\Core\LuaExport\LuaSend</Filter>
    </ClCompile>
    <ClCompile Include="LuaGet.cpp">
      <Filter>Manager\Core\LuaExport\LuaGet</Filter>
    </ClCompile>
    <ClCompile Include="LuaUser.cpp">
      <Filter>Manager\Core\LuaExport\LuaUser</Filter>
    </ClCompile>
    <ClCompile Include="PacketController.cpp">
      <Filter>Manager\PacketController</Filter>
    </ClCompile>
    <ClCompile Include="LuaExtra.cpp">
      <Filter>Manager\Core\LuaExport\LuaExtra</Filter>
    </ClCompile>
    <ClCompile Include="LuaSet.cpp">
      <Filter>Manager\Core\LuaExport\LuaSet</Filter>
    </ClCompile>
    <ClCompile Include="LuaLog.cpp">
      <Filter>Manager\Core\LuaExport\LuaLog</Filter>
    </ClCompile>
    <ClCompile Include="LuaItem.cpp">
      <Filter>Manager\Core\LuaExport\LuaItem</Filter>
    </ClCompile>
    <ClCompile Include="LuaItemList.cpp">
      <Filter>Manager\Core\LuaExport\LuaItemList</Filter>
    </ClCompile>
    <ClCompile Include="CExtra.cpp">
      <Filter>Manager\Core\Extra</Filter>
    </ClCompile>
    <ClCompile Include="CAttack.cpp">
      <Filter>Manager\PacketController\ReceivedPackets\MSG_Attack</Filter>
    </ClCompile>
    <ClCompile Include="CWhisper.cpp">
      <Filter>Manager\PacketController\ReceivedPackets\MSG_Whisper</Filter>
    </ClCompile>
    <ClCompile Include="CQuest.cpp">
      <Filter>Manager\PacketController\ReceivedPackets\MSG_Quest</Filter>
    </ClCompile>
    <ClCompile Include="CStoreBuy.cpp">
      <Filter>Manager\PacketController\ReceivedPackets\MSG_StoreBuy</Filter>
    </ClCompile>
    <ClCompile Include="CRequestSell.cpp">
      <Filter>Manager\PacketController\ReceivedPackets\MSG_RequestSell</Filter>
    </ClCompile>
    <ClCompile Include="CDeleteItem.cpp">
      <Filter>Manager\PacketController\ReceivedPackets\MSG_DeleteItem</Filter>
    </ClCompile>
    <ClCompile Include="CMobKilled.cpp">
      <Filter>Manager\MobKilled</Filter>
    </ClCompile>
    <ClCompile Include="CFix.cpp">
      <Filter>Manager\Core\HookMgr\Fix</Filter>
    </ClCompile>
    <ClCompile Include="CExpController.cpp">
      <Filter>Manager\Core\ExpController</Filter>
    </ClCompile>
    <ClCompile Include="CDropController.cpp">
      <Filter>Manager\Core\DropController</Filter>
    </ClCompile>
    <ClCompile Include="CAccount.cpp">
      <Filter>Manager\Core\Extra\CAccount</Filter>
    </ClCompile>
  </ItemGroup>
</Project>